github.com/newacorn/anothermod v0.0.2 h1:k2Mfnz92dsx81aCkFnwwehxiSmP1Y8Cv6VoHOBeZhUc=
github.com/newacorn/anothermod v0.0.2/go.mod h1:U0qxFICrYc79XJRPdvoLSJXDh9zWdoNDtL5Y6uJ5r+Q=
github.com/newacorn/anotheronemod v0.0.1 h1:3umQWLf73rTnJK9sVeUtZbUYRZgdLrCTMfykvrrTs7M=
github.com/newacorn/anotheronemod v0.0.1/go.mod h1:d+eqEA9TZY/uv5N7HPvQRCgyyxZGyKy10h3HNgO7nSU=
